
Microsoft Visual Studio Solution File, Format Version 12.00
# Visual Studio Version 17
VisualStudioVersion = 17.14.36603.0 d17.14
MinimumVisualStudioVersion = 10.0.40219.1
Project("{FAE04EC0-301F-11D3-BF4B-00C04F79EFBC}") = "HIVE test client", "HIVE test client\HIVE test client.csproj", "{3E87E875-871C-4BDD-97E6-6198CBD5E8B5}"
EndProject
Global
	GlobalSection(SolutionConfigurationPlatforms) = preSolution
		Debug|Any CPU = Debug|Any CPU
		Release|Any CPU = Release|Any CPU
	EndGlobalSection
	GlobalSection(ProjectConfigurationPlatforms) = postSolution
		{3E87E875-871C-4BDD-97E6-6198CBD5E8B5}.Debug|Any CPU.ActiveCfg = Debug|Any CPU
		{3E87E875-871C-4BDD-97E6-6198CBD5E8B5}.Debug|Any CPU.Build.0 = Debug|Any CPU
		{3E87E875-871C-4BDD-97E6-6198CBD5E8B5}.Release|Any CPU.ActiveCfg = Release|Any CPU
		{3E87E875-871C-4BDD-97E6-6198CBD5E8B5}.Release|Any CPU.Build.0 = Release|Any CPU
	EndGlobalSection
	GlobalSection(SolutionProperties) = preSolution
		HideSolutionNode = FALSE
	EndGlobalSection
	GlobalSection(ExtensibilityGlobals) = postSolution
		SolutionGuid = {39CDB25E-9C02-4EE4-A683-F17778573FA5}
	EndGlobalSection
EndGlobal
