
Microsoft Visual Studio Solution File, Format Version 12.00
# Visual Studio Version 17
VisualStudioVersion = 17.0.31903.59
MinimumVisualStudioVersion = 10.0.40219.1
Project("{FAE04EC0-301F-11D3-BF4B-00C04F79EFBC}") = "tests", "tests\tests.csproj", "{E8A024AE-A56D-4909-8C7D-49443B8B72E9}"
EndProject
Project("{FAE04EC0-301F-11D3-BF4B-00C04F79EFBC}") = "commons", "commons\commons.csproj", "{16E24A6A-DCDB-4520-ACA6-520F38BC6A06}"
EndProject
Global
	GlobalSection(SolutionConfigurationPlatforms) = preSolution
		Debug|Any CPU = Debug|Any CPU
		Debug|x64 = Debug|x64
		Debug|x86 = Debug|x86
		Release|Any CPU = Release|Any CPU
		Release|x64 = Release|x64
		Release|x86 = Release|x86
	EndGlobalSection
	GlobalSection(ProjectConfigurationPlatforms) = postSolution
		{E8A024AE-A56D-4909-8C7D-49443B8B72E9}.Debug|Any CPU.ActiveCfg = Debug|Any CPU
		{E8A024AE-A56D-4909-8C7D-49443B8B72E9}.Debug|Any CPU.Build.0 = Debug|Any CPU
		{E8A024AE-A56D-4909-8C7D-49443B8B72E9}.Debug|x64.ActiveCfg = Debug|Any CPU
		{E8A024AE-A56D-4909-8C7D-49443B8B72E9}.Debug|x64.Build.0 = Debug|Any CPU
		{E8A024AE-A56D-4909-8C7D-49443B8B72E9}.Debug|x86.ActiveCfg = Debug|Any CPU
		{E8A024AE-A56D-4909-8C7D-49443B8B72E9}.Debug|x86.Build.0 = Debug|Any CPU
		{E8A024AE-A56D-4909-8C7D-49443B8B72E9}.Release|Any CPU.ActiveCfg = Release|Any CPU
		{E8A024AE-A56D-4909-8C7D-49443B8B72E9}.Release|Any CPU.Build.0 = Release|Any CPU
		{E8A024AE-A56D-4909-8C7D-49443B8B72E9}.Release|x64.ActiveCfg = Release|Any CPU
		{E8A024AE-A56D-4909-8C7D-49443B8B72E9}.Release|x64.Build.0 = Release|Any CPU
		{E8A024AE-A56D-4909-8C7D-49443B8B72E9}.Release|x86.ActiveCfg = Release|Any CPU
		{E8A024AE-A56D-4909-8C7D-49443B8B72E9}.Release|x86.Build.0 = Release|Any CPU
		{16E24A6A-DCDB-4520-ACA6-520F38BC6A06}.Debug|Any CPU.ActiveCfg = Debug|Any CPU
		{16E24A6A-DCDB-4520-ACA6-520F38BC6A06}.Debug|Any CPU.Build.0 = Debug|Any CPU
		{16E24A6A-DCDB-4520-ACA6-520F38BC6A06}.Debug|x64.ActiveCfg = Debug|Any CPU
		{16E24A6A-DCDB-4520-ACA6-520F38BC6A06}.Debug|x64.Build.0 = Debug|Any CPU
		{16E24A6A-DCDB-4520-ACA6-520F38BC6A06}.Debug|x86.ActiveCfg = Debug|Any CPU
		{16E24A6A-DCDB-4520-ACA6-520F38BC6A06}.Debug|x86.Build.0 = Debug|Any CPU
		{16E24A6A-DCDB-4520-ACA6-520F38BC6A06}.Release|Any CPU.ActiveCfg = Release|Any CPU
		{16E24A6A-DCDB-4520-ACA6-520F38BC6A06}.Release|Any CPU.Build.0 = Release|Any CPU
		{16E24A6A-DCDB-4520-ACA6-520F38BC6A06}.Release|x64.ActiveCfg = Release|Any CPU
		{16E24A6A-DCDB-4520-ACA6-520F38BC6A06}.Release|x64.Build.0 = Release|Any CPU
		{16E24A6A-DCDB-4520-ACA6-520F38BC6A06}.Release|x86.ActiveCfg = Release|Any CPU
		{16E24A6A-DCDB-4520-ACA6-520F38BC6A06}.Release|x86.Build.0 = Release|Any CPU
	EndGlobalSection
	GlobalSection(SolutionProperties) = preSolution
		HideSolutionNode = FALSE
	EndGlobalSection
EndGlobal
